
Microsoft Visual Studio Solution File, Format Version 12.00
# Visual Studio Version 17
VisualStudioVersion = 17.9.34728.123
MinimumVisualStudioVersion = 10.0.40219.1
Project("{888888A0-9F3D-457C-B088-3A5042F75D52}") = "Задание по АААА", "Задание по АААА\Задание по АААА.pyproj", "{FE0AFB56-2DEC-4286-9095-9B09334D9AC0}"
EndProject
Global
	GlobalSection(SolutionConfigurationPlatforms) = preSolution
		Debug|Any CPU = Debug|Any CPU
		Release|Any CPU = Release|Any CPU
	EndGlobalSection
	GlobalSection(ProjectConfigurationPlatforms) = postSolution
		{FE0AFB56-2DEC-4286-9095-9B09334D9AC0}.Debug|Any CPU.ActiveCfg = Debug|Any CPU
		{FE0AFB56-2DEC-4286-9095-9B09334D9AC0}.Release|Any CPU.ActiveCfg = Release|Any CPU
	EndGlobalSection
	GlobalSection(SolutionProperties) = preSolution
		HideSolutionNode = FALSE
	EndGlobalSection
	GlobalSection(ExtensibilityGlobals) = postSolution
		SolutionGuid = {EE738143-BFD9-443D-B54C-7C0253CE5E5C}
	EndGlobalSection
EndGlobal
